
Microsoft Visual Studio Solution File, Format Version 10.00
# Visual Studio 2008
Project("{FAE04EC0-301F-11D3-BF4B-00C04F79EFBC}") = "hagen", "hagen\hagen.csproj", "{B8A11330-3766-4244-9962-8B0D25E98005}"
EndProject
Project("{FAE04EC0-301F-11D3-BF4B-00C04F79EFBC}") = "ShellWatcher", "ShellWatcher\ShellWatcher.csproj", "{60133AAB-176B-41F2-821A-5693F0DE7BE8}"
EndProject
Project("{FAE04EC0-301F-11D3-BF4B-00C04F79EFBC}") = "activityReport", "activityReport\activityReport.csproj", "{D3E69D04-FEDA-48D8-9498-F41362F7E52A}"
EndProject
Global
	GlobalSection(SolutionConfigurationPlatforms) = preSolution
		Debug|Any CPU = Debug|Any CPU
		Release|Any CPU = Release|Any CPU
	EndGlobalSection
	GlobalSection(ProjectConfigurationPlatforms) = postSolution
		{B8A11330-3766-4244-9962-8B0D25E98005}.Debug|Any CPU.ActiveCfg = Debug|Any CPU
		{B8A11330-3766-4244-9962-8B0D25E98005}.Debug|Any CPU.Build.0 = Debug|Any CPU
		{B8A11330-3766-4244-9962-8B0D25E98005}.Release|Any CPU.ActiveCfg = Release|Any CPU
		{B8A11330-3766-4244-9962-8B0D25E98005}.Release|Any CPU.Build.0 = Release|Any CPU
		{60133AAB-176B-41F2-821A-5693F0DE7BE8}.Debug|Any CPU.ActiveCfg = Debug|Any CPU
		{60133AAB-176B-41F2-821A-5693F0DE7BE8}.Debug|Any CPU.Build.0 = Debug|Any CPU
		{60133AAB-176B-41F2-821A-5693F0DE7BE8}.Release|Any CPU.ActiveCfg = Release|Any CPU
		{D3E69D04-FEDA-48D8-9498-F41362F7E52A}.Debug|Any CPU.ActiveCfg = Debug|Any CPU
		{D3E69D04-FEDA-48D8-9498-F41362F7E52A}.Debug|Any CPU.Build.0 = Debug|Any CPU
		{D3E69D04-FEDA-48D8-9498-F41362F7E52A}.Release|Any CPU.ActiveCfg = Release|Any CPU
		{D3E69D04-FEDA-48D8-9498-F41362F7E52A}.Release|Any CPU.Build.0 = Release|Any CPU
	EndGlobalSection
	GlobalSection(SolutionProperties) = preSolution
		HideSolutionNode = FALSE
	EndGlobalSection
EndGlobal
