
Microsoft Visual Studio Solution File, Format Version 12.00
# Visual Studio 14
VisualStudioVersion = 14.0.24720.0
MinimumVisualStudioVersion = 10.0.40219.1
Project("{2150E333-8FDC-42A3-9474-1A3956D46DE8}") = "Solution Items", "Solution Items", "{646BF95A-C0C7-490F-830F-E329ACB616C1}"
	ProjectSection(SolutionItems) = preProject
		Common.props = Common.props
		Console.props = Console.props
		hagen.proj = hagen.proj
		todo.txt = todo.txt
	EndProjectSection
EndProject
Project("{FAE04EC0-301F-11D3-BF4B-00C04F79EFBC}") = "hagen.core", "hagen.core\hagen.core.csproj", "{B8A11330-3766-4244-9962-8B0D25E98005}"
EndProject
Project("{2150E333-8FDC-42A3-9474-1A3956D46DE8}") = ".nuget", ".nuget", "{BFA35297-F359-4563-83FF-CBA94980F910}"
	ProjectSection(SolutionItems) = preProject
		.nuget\NuGet.exe = .nuget\NuGet.exe
		.nuget\NuGet.targets = .nuget\NuGet.targets
		.nuget\packages.config = .nuget\packages.config
	EndProjectSection
EndProject
Project("{FAE04EC0-301F-11D3-BF4B-00C04F79EFBC}") = "hagen.plugin", "hagen.plugin\hagen.plugin.csproj", "{9BF01205-1BD3-4121-909D-16CEC6D47143}"
EndProject
Project("{FAE04EC0-301F-11D3-BF4B-00C04F79EFBC}") = "hagen", "hagen\hagen.csproj", "{5E196699-E12B-4500-8178-BD38ACC8D362}"
	ProjectSection(ProjectDependencies) = postProject
		{DCCF9122-A232-46E8-BC4E-608533BEABAC} = {DCCF9122-A232-46E8-BC4E-608533BEABAC}
		{E383806E-CF6C-4F40-B838-33574AC4A18C} = {E383806E-CF6C-4F40-B838-33574AC4A18C}
		{C6160D7A-D2A6-421D-A16E-0974A285D56C} = {C6160D7A-D2A6-421D-A16E-0974A285D56C}
		{D54AAAE7-E7AA-4A1D-A045-9E70853B7040} = {D54AAAE7-E7AA-4A1D-A045-9E70853B7040}
	EndProjectSection
EndProject
Project("{FAE04EC0-301F-11D3-BF4B-00C04F79EFBC}") = "hagen.plugin.web", "hagen.plugin.web\hagen.plugin.web.csproj", "{D54AAAE7-E7AA-4A1D-A045-9E70853B7040}"
EndProject
Project("{FAE04EC0-301F-11D3-BF4B-00C04F79EFBC}") = "hagen.plugin.file", "hagen.plugin.file\hagen.plugin.file.csproj", "{E383806E-CF6C-4F40-B838-33574AC4A18C}"
EndProject
Project("{FAE04EC0-301F-11D3-BF4B-00C04F79EFBC}") = "hagen.plugin.db", "hagen.plugin.db\hagen.plugin.db.csproj", "{C6160D7A-D2A6-421D-A16E-0974A285D56C}"
EndProject
Project("{FAE04EC0-301F-11D3-BF4B-00C04F79EFBC}") = "hagen.plugin.google", "hagen.plugin.google\hagen.plugin.google.csproj", "{DCCF9122-A232-46E8-BC4E-608533BEABAC}"
EndProject
Project("{FAE04EC0-301F-11D3-BF4B-00C04F79EFBC}") = "hagen.pluginTests", "hagen.pluginTests\hagen.pluginTests.csproj", "{D870DB7E-FB2A-4640-97DF-14F2165EA757}"
EndProject
Project("{FAE04EC0-301F-11D3-BF4B-00C04F79EFBC}") = "hagen.coreTests", "hagen.coreTests\hagen.coreTests.csproj", "{76C0FE3D-C42E-498C-8C32-783DD7A5B3D7}"
EndProject
Project("{FAE04EC0-301F-11D3-BF4B-00C04F79EFBC}") = "hagen.plugin.dbTests", "hagen.plugin.dbTests\hagen.plugin.dbTests.csproj", "{20007EA1-95E9-455C-953E-5F5102F225BB}"
EndProject
Project("{FAE04EC0-301F-11D3-BF4B-00C04F79EFBC}") = "hagen.plugin.fileTests", "hagen.plugin.fileTests\hagen.plugin.fileTests.csproj", "{9644CCF7-0D32-4185-AF54-2BC1794432D5}"
EndProject
Project("{FAE04EC0-301F-11D3-BF4B-00C04F79EFBC}") = "hagen.plugin.googleTests", "hagen.plugin.googleTests\hagen.plugin.googleTests.csproj", "{D8CD7921-CD65-45A8-92EB-1B4E79CD46C8}"
EndProject
Project("{FAE04EC0-301F-11D3-BF4B-00C04F79EFBC}") = "hagenTests", "hagenTests\hagenTests.csproj", "{E450A3BD-0586-4C67-9476-AA88D3918AA7}"
EndProject
Project("{FAE04EC0-301F-11D3-BF4B-00C04F79EFBC}") = "activityReport", "activityReport\activityReport.csproj", "{D3E69D04-FEDA-48D8-9498-F41362F7E52A}"
EndProject
Project("{FAE04EC0-301F-11D3-BF4B-00C04F79EFBC}") = "hagen.plugin.screen", "hagen.plugin.screen\hagen.plugin.screen.csproj", "{BE26DB18-ADEA-45A7-B2FF-E1847FD4FCC2}"
EndProject
Project("{FAE04EC0-301F-11D3-BF4B-00C04F79EFBC}") = "CredentialManagement", "CredentialManagement\CredentialManagement.csproj", "{C7BEAE0B-D485-42CE-A11E-B6D0CD67E726}"
EndProject
Project("{FAE04EC0-301F-11D3-BF4B-00C04F79EFBC}") = "CredentialManagementTests", "CredentialManagementTests\CredentialManagementTests.csproj", "{3B392F62-E01A-424C-80AC-F3730ABCA426}"
EndProject
Project("{FAE04EC0-301F-11D3-BF4B-00C04F79EFBC}") = "CredentialManagementTestProgram", "CredentialManagementTestProgram\CredentialManagementTestProgram.csproj", "{DF9ADBB0-705D-4DDE-8A4C-D51A55F9E411}"
EndProject
Project("{FAE04EC0-301F-11D3-BF4B-00C04F79EFBC}") = "hagen.plugin.office", "hagen.plugin.office\hagen.plugin.office.csproj", "{10DBA5BB-2710-4AD2-8021-6B9026D1BFDA}"
EndProject
Project("{FAE04EC0-301F-11D3-BF4B-00C04F79EFBC}") = "hagen.plugin.officeTests", "hagen.plugin.officeTests\hagen.plugin.officeTests.csproj", "{D540232C-5F5F-43D2-B649-9D1148792A89}"
EndProject
Global
	GlobalSection(SolutionConfigurationPlatforms) = preSolution
		Debug|Any CPU = Debug|Any CPU
		Debug|x64 = Debug|x64
		Debug|x86 = Debug|x86
		Release|Any CPU = Release|Any CPU
		Release|x64 = Release|x64
		Release|x86 = Release|x86
	EndGlobalSection
	GlobalSection(ProjectConfigurationPlatforms) = postSolution
		{B8A11330-3766-4244-9962-8B0D25E98005}.Debug|Any CPU.ActiveCfg = Debug|Any CPU
		{B8A11330-3766-4244-9962-8B0D25E98005}.Debug|Any CPU.Build.0 = Debug|Any CPU
		{B8A11330-3766-4244-9962-8B0D25E98005}.Debug|x64.ActiveCfg = Debug|x64
		{B8A11330-3766-4244-9962-8B0D25E98005}.Debug|x64.Build.0 = Debug|x64
		{B8A11330-3766-4244-9962-8B0D25E98005}.Debug|x86.ActiveCfg = Debug|Any CPU
		{B8A11330-3766-4244-9962-8B0D25E98005}.Debug|x86.Build.0 = Debug|Any CPU
		{B8A11330-3766-4244-9962-8B0D25E98005}.Release|Any CPU.ActiveCfg = Release|Any CPU
		{B8A11330-3766-4244-9962-8B0D25E98005}.Release|Any CPU.Build.0 = Release|Any CPU
		{B8A11330-3766-4244-9962-8B0D25E98005}.Release|x64.ActiveCfg = Release|x64
		{B8A11330-3766-4244-9962-8B0D25E98005}.Release|x64.Build.0 = Release|x64
		{B8A11330-3766-4244-9962-8B0D25E98005}.Release|x86.ActiveCfg = Release|Any CPU
		{B8A11330-3766-4244-9962-8B0D25E98005}.Release|x86.Build.0 = Release|Any CPU
		{9BF01205-1BD3-4121-909D-16CEC6D47143}.Debug|Any CPU.ActiveCfg = Debug|Any CPU
		{9BF01205-1BD3-4121-909D-16CEC6D47143}.Debug|Any CPU.Build.0 = Debug|Any CPU
		{9BF01205-1BD3-4121-909D-16CEC6D47143}.Debug|x64.ActiveCfg = Debug|Any CPU
		{9BF01205-1BD3-4121-909D-16CEC6D47143}.Debug|x64.Build.0 = Debug|Any CPU
		{9BF01205-1BD3-4121-909D-16CEC6D47143}.Debug|x86.ActiveCfg = Debug|Any CPU
		{9BF01205-1BD3-4121-909D-16CEC6D47143}.Debug|x86.Build.0 = Debug|Any CPU
		{9BF01205-1BD3-4121-909D-16CEC6D47143}.Release|Any CPU.ActiveCfg = Release|Any CPU
		{9BF01205-1BD3-4121-909D-16CEC6D47143}.Release|Any CPU.Build.0 = Release|Any CPU
		{9BF01205-1BD3-4121-909D-16CEC6D47143}.Release|x64.ActiveCfg = Release|Any CPU
		{9BF01205-1BD3-4121-909D-16CEC6D47143}.Release|x64.Build.0 = Release|Any CPU
		{9BF01205-1BD3-4121-909D-16CEC6D47143}.Release|x86.ActiveCfg = Release|Any CPU
		{9BF01205-1BD3-4121-909D-16CEC6D47143}.Release|x86.Build.0 = Release|Any CPU
		{5E196699-E12B-4500-8178-BD38ACC8D362}.Debug|Any CPU.ActiveCfg = Debug|Any CPU
		{5E196699-E12B-4500-8178-BD38ACC8D362}.Debug|Any CPU.Build.0 = Debug|Any CPU
		{5E196699-E12B-4500-8178-BD38ACC8D362}.Debug|x64.ActiveCfg = Debug|Any CPU
		{5E196699-E12B-4500-8178-BD38ACC8D362}.Debug|x64.Build.0 = Debug|Any CPU
		{5E196699-E12B-4500-8178-BD38ACC8D362}.Debug|x86.ActiveCfg = Debug|Any CPU
		{5E196699-E12B-4500-8178-BD38ACC8D362}.Debug|x86.Build.0 = Debug|Any CPU
		{5E196699-E12B-4500-8178-BD38ACC8D362}.Release|Any CPU.ActiveCfg = Release|Any CPU
		{5E196699-E12B-4500-8178-BD38ACC8D362}.Release|Any CPU.Build.0 = Release|Any CPU
		{5E196699-E12B-4500-8178-BD38ACC8D362}.Release|x64.ActiveCfg = Release|Any CPU
		{5E196699-E12B-4500-8178-BD38ACC8D362}.Release|x64.Build.0 = Release|Any CPU
		{5E196699-E12B-4500-8178-BD38ACC8D362}.Release|x86.ActiveCfg = Release|Any CPU
		{5E196699-E12B-4500-8178-BD38ACC8D362}.Release|x86.Build.0 = Release|Any CPU
		{D54AAAE7-E7AA-4A1D-A045-9E70853B7040}.Debug|Any CPU.ActiveCfg = Debug|Any CPU
		{D54AAAE7-E7AA-4A1D-A045-9E70853B7040}.Debug|Any CPU.Build.0 = Debug|Any CPU
		{D54AAAE7-E7AA-4A1D-A045-9E70853B7040}.Debug|x64.ActiveCfg = Debug|x64
		{D54AAAE7-E7AA-4A1D-A045-9E70853B7040}.Debug|x64.Build.0 = Debug|x64
		{D54AAAE7-E7AA-4A1D-A045-9E70853B7040}.Debug|x86.ActiveCfg = Debug|Any CPU
		{D54AAAE7-E7AA-4A1D-A045-9E70853B7040}.Debug|x86.Build.0 = Debug|Any CPU
		{D54AAAE7-E7AA-4A1D-A045-9E70853B7040}.Release|Any CPU.ActiveCfg = Release|Any CPU
		{D54AAAE7-E7AA-4A1D-A045-9E70853B7040}.Release|Any CPU.Build.0 = Release|Any CPU
		{D54AAAE7-E7AA-4A1D-A045-9E70853B7040}.Release|x64.ActiveCfg = Release|x64
		{D54AAAE7-E7AA-4A1D-A045-9E70853B7040}.Release|x64.Build.0 = Release|x64
		{D54AAAE7-E7AA-4A1D-A045-9E70853B7040}.Release|x86.ActiveCfg = Release|Any CPU
		{D54AAAE7-E7AA-4A1D-A045-9E70853B7040}.Release|x86.Build.0 = Release|Any CPU
		{E383806E-CF6C-4F40-B838-33574AC4A18C}.Debug|Any CPU.ActiveCfg = Debug|Any CPU
		{E383806E-CF6C-4F40-B838-33574AC4A18C}.Debug|Any CPU.Build.0 = Debug|Any CPU
		{E383806E-CF6C-4F40-B838-33574AC4A18C}.Debug|x64.ActiveCfg = Debug|Any CPU
		{E383806E-CF6C-4F40-B838-33574AC4A18C}.Debug|x64.Build.0 = Debug|Any CPU
		{E383806E-CF6C-4F40-B838-33574AC4A18C}.Debug|x86.ActiveCfg = Debug|Any CPU
		{E383806E-CF6C-4F40-B838-33574AC4A18C}.Debug|x86.Build.0 = Debug|Any CPU
		{E383806E-CF6C-4F40-B838-33574AC4A18C}.Release|Any CPU.ActiveCfg = Release|Any CPU
		{E383806E-CF6C-4F40-B838-33574AC4A18C}.Release|Any CPU.Build.0 = Release|Any CPU
		{E383806E-CF6C-4F40-B838-33574AC4A18C}.Release|x64.ActiveCfg = Release|Any CPU
		{E383806E-CF6C-4F40-B838-33574AC4A18C}.Release|x64.Build.0 = Release|Any CPU
		{E383806E-CF6C-4F40-B838-33574AC4A18C}.Release|x86.ActiveCfg = Release|Any CPU
		{E383806E-CF6C-4F40-B838-33574AC4A18C}.Release|x86.Build.0 = Release|Any CPU
		{C6160D7A-D2A6-421D-A16E-0974A285D56C}.Debug|Any CPU.ActiveCfg = Debug|Any CPU
		{C6160D7A-D2A6-421D-A16E-0974A285D56C}.Debug|Any CPU.Build.0 = Debug|Any CPU
		{C6160D7A-D2A6-421D-A16E-0974A285D56C}.Debug|x64.ActiveCfg = Debug|Any CPU
		{C6160D7A-D2A6-421D-A16E-0974A285D56C}.Debug|x64.Build.0 = Debug|Any CPU
		{C6160D7A-D2A6-421D-A16E-0974A285D56C}.Debug|x86.ActiveCfg = Debug|Any CPU
		{C6160D7A-D2A6-421D-A16E-0974A285D56C}.Debug|x86.Build.0 = Debug|Any CPU
		{C6160D7A-D2A6-421D-A16E-0974A285D56C}.Release|Any CPU.ActiveCfg = Release|Any CPU
		{C6160D7A-D2A6-421D-A16E-0974A285D56C}.Release|Any CPU.Build.0 = Release|Any CPU
		{C6160D7A-D2A6-421D-A16E-0974A285D56C}.Release|x64.ActiveCfg = Release|Any CPU
		{C6160D7A-D2A6-421D-A16E-0974A285D56C}.Release|x64.Build.0 = Release|Any CPU
		{C6160D7A-D2A6-421D-A16E-0974A285D56C}.Release|x86.ActiveCfg = Release|Any CPU
		{C6160D7A-D2A6-421D-A16E-0974A285D56C}.Release|x86.Build.0 = Release|Any CPU
		{DCCF9122-A232-46E8-BC4E-608533BEABAC}.Debug|Any CPU.ActiveCfg = Debug|Any CPU
		{DCCF9122-A232-46E8-BC4E-608533BEABAC}.Debug|Any CPU.Build.0 = Debug|Any CPU
		{DCCF9122-A232-46E8-BC4E-608533BEABAC}.Debug|x64.ActiveCfg = Debug|Any CPU
		{DCCF9122-A232-46E8-BC4E-608533BEABAC}.Debug|x64.Build.0 = Debug|Any CPU
		{DCCF9122-A232-46E8-BC4E-608533BEABAC}.Debug|x86.ActiveCfg = Debug|Any CPU
		{DCCF9122-A232-46E8-BC4E-608533BEABAC}.Debug|x86.Build.0 = Debug|Any CPU
		{DCCF9122-A232-46E8-BC4E-608533BEABAC}.Release|Any CPU.ActiveCfg = Release|Any CPU
		{DCCF9122-A232-46E8-BC4E-608533BEABAC}.Release|Any CPU.Build.0 = Release|Any CPU
		{DCCF9122-A232-46E8-BC4E-608533BEABAC}.Release|x64.ActiveCfg = Release|Any CPU
		{DCCF9122-A232-46E8-BC4E-608533BEABAC}.Release|x64.Build.0 = Release|Any CPU
		{DCCF9122-A232-46E8-BC4E-608533BEABAC}.Release|x86.ActiveCfg = Release|Any CPU
		{DCCF9122-A232-46E8-BC4E-608533BEABAC}.Release|x86.Build.0 = Release|Any CPU
		{D870DB7E-FB2A-4640-97DF-14F2165EA757}.Debug|Any CPU.ActiveCfg = Debug|Any CPU
		{D870DB7E-FB2A-4640-97DF-14F2165EA757}.Debug|Any CPU.Build.0 = Debug|Any CPU
		{D870DB7E-FB2A-4640-97DF-14F2165EA757}.Debug|x64.ActiveCfg = Debug|Any CPU
		{D870DB7E-FB2A-4640-97DF-14F2165EA757}.Debug|x64.Build.0 = Debug|Any CPU
		{D870DB7E-FB2A-4640-97DF-14F2165EA757}.Debug|x86.ActiveCfg = Debug|Any CPU
		{D870DB7E-FB2A-4640-97DF-14F2165EA757}.Debug|x86.Build.0 = Debug|Any CPU
		{D870DB7E-FB2A-4640-97DF-14F2165EA757}.Release|Any CPU.ActiveCfg = Release|Any CPU
		{D870DB7E-FB2A-4640-97DF-14F2165EA757}.Release|Any CPU.Build.0 = Release|Any CPU
		{D870DB7E-FB2A-4640-97DF-14F2165EA757}.Release|x64.ActiveCfg = Release|Any CPU
		{D870DB7E-FB2A-4640-97DF-14F2165EA757}.Release|x64.Build.0 = Release|Any CPU
		{D870DB7E-FB2A-4640-97DF-14F2165EA757}.Release|x86.ActiveCfg = Release|Any CPU
		{D870DB7E-FB2A-4640-97DF-14F2165EA757}.Release|x86.Build.0 = Release|Any CPU
		{76C0FE3D-C42E-498C-8C32-783DD7A5B3D7}.Debug|Any CPU.ActiveCfg = Debug|Any CPU
		{76C0FE3D-C42E-498C-8C32-783DD7A5B3D7}.Debug|Any CPU.Build.0 = Debug|Any CPU
		{76C0FE3D-C42E-498C-8C32-783DD7A5B3D7}.Debug|x64.ActiveCfg = Debug|Any CPU
		{76C0FE3D-C42E-498C-8C32-783DD7A5B3D7}.Debug|x64.Build.0 = Debug|Any CPU
		{76C0FE3D-C42E-498C-8C32-783DD7A5B3D7}.Debug|x86.ActiveCfg = Debug|Any CPU
		{76C0FE3D-C42E-498C-8C32-783DD7A5B3D7}.Debug|x86.Build.0 = Debug|Any CPU
		{76C0FE3D-C42E-498C-8C32-783DD7A5B3D7}.Release|Any CPU.ActiveCfg = Release|Any CPU
		{76C0FE3D-C42E-498C-8C32-783DD7A5B3D7}.Release|Any CPU.Build.0 = Release|Any CPU
		{76C0FE3D-C42E-498C-8C32-783DD7A5B3D7}.Release|x64.ActiveCfg = Release|Any CPU
		{76C0FE3D-C42E-498C-8C32-783DD7A5B3D7}.Release|x64.Build.0 = Release|Any CPU
		{76C0FE3D-C42E-498C-8C32-783DD7A5B3D7}.Release|x86.ActiveCfg = Release|Any CPU
		{76C0FE3D-C42E-498C-8C32-783DD7A5B3D7}.Release|x86.Build.0 = Release|Any CPU
		{20007EA1-95E9-455C-953E-5F5102F225BB}.Debug|Any CPU.ActiveCfg = Debug|Any CPU
		{20007EA1-95E9-455C-953E-5F5102F225BB}.Debug|Any CPU.Build.0 = Debug|Any CPU
		{20007EA1-95E9-455C-953E-5F5102F225BB}.Debug|x64.ActiveCfg = Debug|Any CPU
		{20007EA1-95E9-455C-953E-5F5102F225BB}.Debug|x64.Build.0 = Debug|Any CPU
		{20007EA1-95E9-455C-953E-5F5102F225BB}.Debug|x86.ActiveCfg = Debug|Any CPU
		{20007EA1-95E9-455C-953E-5F5102F225BB}.Debug|x86.Build.0 = Debug|Any CPU
		{20007EA1-95E9-455C-953E-5F5102F225BB}.Release|Any CPU.ActiveCfg = Release|Any CPU
		{20007EA1-95E9-455C-953E-5F5102F225BB}.Release|Any CPU.Build.0 = Release|Any CPU
		{20007EA1-95E9-455C-953E-5F5102F225BB}.Release|x64.ActiveCfg = Release|Any CPU
		{20007EA1-95E9-455C-953E-5F5102F225BB}.Release|x64.Build.0 = Release|Any CPU
		{20007EA1-95E9-455C-953E-5F5102F225BB}.Release|x86.ActiveCfg = Release|Any CPU
		{20007EA1-95E9-455C-953E-5F5102F225BB}.Release|x86.Build.0 = Release|Any CPU
		{9644CCF7-0D32-4185-AF54-2BC1794432D5}.Debug|Any CPU.ActiveCfg = Debug|Any CPU
		{9644CCF7-0D32-4185-AF54-2BC1794432D5}.Debug|Any CPU.Build.0 = Debug|Any CPU
		{9644CCF7-0D32-4185-AF54-2BC1794432D5}.Debug|x64.ActiveCfg = Debug|Any CPU
		{9644CCF7-0D32-4185-AF54-2BC1794432D5}.Debug|x64.Build.0 = Debug|Any CPU
		{9644CCF7-0D32-4185-AF54-2BC1794432D5}.Debug|x86.ActiveCfg = Debug|Any CPU
		{9644CCF7-0D32-4185-AF54-2BC1794432D5}.Debug|x86.Build.0 = Debug|Any CPU
		{9644CCF7-0D32-4185-AF54-2BC1794432D5}.Release|Any CPU.ActiveCfg = Release|Any CPU
		{9644CCF7-0D32-4185-AF54-2BC1794432D5}.Release|Any CPU.Build.0 = Release|Any CPU
		{9644CCF7-0D32-4185-AF54-2BC1794432D5}.Release|x64.ActiveCfg = Release|Any CPU
		{9644CCF7-0D32-4185-AF54-2BC1794432D5}.Release|x64.Build.0 = Release|Any CPU
		{9644CCF7-0D32-4185-AF54-2BC1794432D5}.Release|x86.ActiveCfg = Release|Any CPU
		{9644CCF7-0D32-4185-AF54-2BC1794432D5}.Release|x86.Build.0 = Release|Any CPU
		{D8CD7921-CD65-45A8-92EB-1B4E79CD46C8}.Debug|Any CPU.ActiveCfg = Debug|Any CPU
		{D8CD7921-CD65-45A8-92EB-1B4E79CD46C8}.Debug|Any CPU.Build.0 = Debug|Any CPU
		{D8CD7921-CD65-45A8-92EB-1B4E79CD46C8}.Debug|x64.ActiveCfg = Debug|Any CPU
		{D8CD7921-CD65-45A8-92EB-1B4E79CD46C8}.Debug|x64.Build.0 = Debug|Any CPU
		{D8CD7921-CD65-45A8-92EB-1B4E79CD46C8}.Debug|x86.ActiveCfg = Debug|Any CPU
		{D8CD7921-CD65-45A8-92EB-1B4E79CD46C8}.Debug|x86.Build.0 = Debug|Any CPU
		{D8CD7921-CD65-45A8-92EB-1B4E79CD46C8}.Release|Any CPU.ActiveCfg = Release|Any CPU
		{D8CD7921-CD65-45A8-92EB-1B4E79CD46C8}.Release|Any CPU.Build.0 = Release|Any CPU
		{D8CD7921-CD65-45A8-92EB-1B4E79CD46C8}.Release|x64.ActiveCfg = Release|Any CPU
		{D8CD7921-CD65-45A8-92EB-1B4E79CD46C8}.Release|x64.Build.0 = Release|Any CPU
		{D8CD7921-CD65-45A8-92EB-1B4E79CD46C8}.Release|x86.ActiveCfg = Release|Any CPU
		{D8CD7921-CD65-45A8-92EB-1B4E79CD46C8}.Release|x86.Build.0 = Release|Any CPU
		{E450A3BD-0586-4C67-9476-AA88D3918AA7}.Debug|Any CPU.ActiveCfg = Debug|Any CPU
		{E450A3BD-0586-4C67-9476-AA88D3918AA7}.Debug|Any CPU.Build.0 = Debug|Any CPU
		{E450A3BD-0586-4C67-9476-AA88D3918AA7}.Debug|x64.ActiveCfg = Debug|Any CPU
		{E450A3BD-0586-4C67-9476-AA88D3918AA7}.Debug|x64.Build.0 = Debug|Any CPU
		{E450A3BD-0586-4C67-9476-AA88D3918AA7}.Debug|x86.ActiveCfg = Debug|Any CPU
		{E450A3BD-0586-4C67-9476-AA88D3918AA7}.Debug|x86.Build.0 = Debug|Any CPU
		{E450A3BD-0586-4C67-9476-AA88D3918AA7}.Release|Any CPU.ActiveCfg = Release|Any CPU
		{E450A3BD-0586-4C67-9476-AA88D3918AA7}.Release|Any CPU.Build.0 = Release|Any CPU
		{E450A3BD-0586-4C67-9476-AA88D3918AA7}.Release|x64.ActiveCfg = Release|Any CPU
		{E450A3BD-0586-4C67-9476-AA88D3918AA7}.Release|x64.Build.0 = Release|Any CPU
		{E450A3BD-0586-4C67-9476-AA88D3918AA7}.Release|x86.ActiveCfg = Release|Any CPU
		{E450A3BD-0586-4C67-9476-AA88D3918AA7}.Release|x86.Build.0 = Release|Any CPU
		{D3E69D04-FEDA-48D8-9498-F41362F7E52A}.Debug|Any CPU.ActiveCfg = Debug|Any CPU
		{D3E69D04-FEDA-48D8-9498-F41362F7E52A}.Debug|Any CPU.Build.0 = Debug|Any CPU
		{D3E69D04-FEDA-48D8-9498-F41362F7E52A}.Debug|x64.ActiveCfg = Debug|x64
		{D3E69D04-FEDA-48D8-9498-F41362F7E52A}.Debug|x64.Build.0 = Debug|x64
		{D3E69D04-FEDA-48D8-9498-F41362F7E52A}.Debug|x86.ActiveCfg = Debug|x86
		{D3E69D04-FEDA-48D8-9498-F41362F7E52A}.Debug|x86.Build.0 = Debug|x86
		{D3E69D04-FEDA-48D8-9498-F41362F7E52A}.Release|Any CPU.ActiveCfg = Release|Any CPU
		{D3E69D04-FEDA-48D8-9498-F41362F7E52A}.Release|Any CPU.Build.0 = Release|Any CPU
		{D3E69D04-FEDA-48D8-9498-F41362F7E52A}.Release|x64.ActiveCfg = Release|x64
		{D3E69D04-FEDA-48D8-9498-F41362F7E52A}.Release|x64.Build.0 = Release|x64
		{D3E69D04-FEDA-48D8-9498-F41362F7E52A}.Release|x86.ActiveCfg = Release|x86
		{D3E69D04-FEDA-48D8-9498-F41362F7E52A}.Release|x86.Build.0 = Release|x86
		{BE26DB18-ADEA-45A7-B2FF-E1847FD4FCC2}.Debug|Any CPU.ActiveCfg = Debug|Any CPU
		{BE26DB18-ADEA-45A7-B2FF-E1847FD4FCC2}.Debug|Any CPU.Build.0 = Debug|Any CPU
		{BE26DB18-ADEA-45A7-B2FF-E1847FD4FCC2}.Debug|x64.ActiveCfg = Debug|Any CPU
		{BE26DB18-ADEA-45A7-B2FF-E1847FD4FCC2}.Debug|x64.Build.0 = Debug|Any CPU
		{BE26DB18-ADEA-45A7-B2FF-E1847FD4FCC2}.Debug|x86.ActiveCfg = Debug|Any CPU
		{BE26DB18-ADEA-45A7-B2FF-E1847FD4FCC2}.Debug|x86.Build.0 = Debug|Any CPU
		{BE26DB18-ADEA-45A7-B2FF-E1847FD4FCC2}.Release|Any CPU.ActiveCfg = Release|Any CPU
		{BE26DB18-ADEA-45A7-B2FF-E1847FD4FCC2}.Release|Any CPU.Build.0 = Release|Any CPU
		{BE26DB18-ADEA-45A7-B2FF-E1847FD4FCC2}.Release|x64.ActiveCfg = Release|Any CPU
		{BE26DB18-ADEA-45A7-B2FF-E1847FD4FCC2}.Release|x64.Build.0 = Release|Any CPU
		{BE26DB18-ADEA-45A7-B2FF-E1847FD4FCC2}.Release|x86.ActiveCfg = Release|Any CPU
		{BE26DB18-ADEA-45A7-B2FF-E1847FD4FCC2}.Release|x86.Build.0 = Release|Any CPU
		{C7BEAE0B-D485-42CE-A11E-B6D0CD67E726}.Debug|Any CPU.ActiveCfg = Debug|Any CPU
		{C7BEAE0B-D485-42CE-A11E-B6D0CD67E726}.Debug|Any CPU.Build.0 = Debug|Any CPU
		{C7BEAE0B-D485-42CE-A11E-B6D0CD67E726}.Debug|x64.ActiveCfg = Debug|Any CPU
		{C7BEAE0B-D485-42CE-A11E-B6D0CD67E726}.Debug|x64.Build.0 = Debug|Any CPU
		{C7BEAE0B-D485-42CE-A11E-B6D0CD67E726}.Debug|x86.ActiveCfg = Debug|Any CPU
		{C7BEAE0B-D485-42CE-A11E-B6D0CD67E726}.Debug|x86.Build.0 = Debug|Any CPU
		{C7BEAE0B-D485-42CE-A11E-B6D0CD67E726}.Release|Any CPU.ActiveCfg = Release|Any CPU
		{C7BEAE0B-D485-42CE-A11E-B6D0CD67E726}.Release|Any CPU.Build.0 = Release|Any CPU
		{C7BEAE0B-D485-42CE-A11E-B6D0CD67E726}.Release|x64.ActiveCfg = Release|Any CPU
		{C7BEAE0B-D485-42CE-A11E-B6D0CD67E726}.Release|x64.Build.0 = Release|Any CPU
		{C7BEAE0B-D485-42CE-A11E-B6D0CD67E726}.Release|x86.ActiveCfg = Release|Any CPU
		{C7BEAE0B-D485-42CE-A11E-B6D0CD67E726}.Release|x86.Build.0 = Release|Any CPU
		{3B392F62-E01A-424C-80AC-F3730ABCA426}.Debug|Any CPU.ActiveCfg = Debug|Any CPU
		{3B392F62-E01A-424C-80AC-F3730ABCA426}.Debug|Any CPU.Build.0 = Debug|Any CPU
		{3B392F62-E01A-424C-80AC-F3730ABCA426}.Debug|x64.ActiveCfg = Debug|Any CPU
		{3B392F62-E01A-424C-80AC-F3730ABCA426}.Debug|x64.Build.0 = Debug|Any CPU
		{3B392F62-E01A-424C-80AC-F3730ABCA426}.Debug|x86.ActiveCfg = Debug|Any CPU
		{3B392F62-E01A-424C-80AC-F3730ABCA426}.Debug|x86.Build.0 = Debug|Any CPU
		{3B392F62-E01A-424C-80AC-F3730ABCA426}.Release|Any CPU.ActiveCfg = Release|Any CPU
		{3B392F62-E01A-424C-80AC-F3730ABCA426}.Release|Any CPU.Build.0 = Release|Any CPU
		{3B392F62-E01A-424C-80AC-F3730ABCA426}.Release|x64.ActiveCfg = Release|Any CPU
		{3B392F62-E01A-424C-80AC-F3730ABCA426}.Release|x64.Build.0 = Release|Any CPU
		{3B392F62-E01A-424C-80AC-F3730ABCA426}.Release|x86.ActiveCfg = Release|Any CPU
		{3B392F62-E01A-424C-80AC-F3730ABCA426}.Release|x86.Build.0 = Release|Any CPU
		{DF9ADBB0-705D-4DDE-8A4C-D51A55F9E411}.Debug|Any CPU.ActiveCfg = Debug|Any CPU
		{DF9ADBB0-705D-4DDE-8A4C-D51A55F9E411}.Debug|Any CPU.Build.0 = Debug|Any CPU
		{DF9ADBB0-705D-4DDE-8A4C-D51A55F9E411}.Debug|x64.ActiveCfg = Debug|Any CPU
		{DF9ADBB0-705D-4DDE-8A4C-D51A55F9E411}.Debug|x64.Build.0 = Debug|Any CPU
		{DF9ADBB0-705D-4DDE-8A4C-D51A55F9E411}.Debug|x86.ActiveCfg = Debug|Any CPU
		{DF9ADBB0-705D-4DDE-8A4C-D51A55F9E411}.Debug|x86.Build.0 = Debug|Any CPU
		{DF9ADBB0-705D-4DDE-8A4C-D51A55F9E411}.Release|Any CPU.ActiveCfg = Release|Any CPU
		{DF9ADBB0-705D-4DDE-8A4C-D51A55F9E411}.Release|Any CPU.Build.0 = Release|Any CPU
		{DF9ADBB0-705D-4DDE-8A4C-D51A55F9E411}.Release|x64.ActiveCfg = Release|Any CPU
		{DF9ADBB0-705D-4DDE-8A4C-D51A55F9E411}.Release|x64.Build.0 = Release|Any CPU
		{DF9ADBB0-705D-4DDE-8A4C-D51A55F9E411}.Release|x86.ActiveCfg = Release|Any CPU
		{DF9ADBB0-705D-4DDE-8A4C-D51A55F9E411}.Release|x86.Build.0 = Release|Any CPU
		{10DBA5BB-2710-4AD2-8021-6B9026D1BFDA}.Debug|Any CPU.ActiveCfg = Debug|Any CPU
		{10DBA5BB-2710-4AD2-8021-6B9026D1BFDA}.Debug|Any CPU.Build.0 = Debug|Any CPU
		{10DBA5BB-2710-4AD2-8021-6B9026D1BFDA}.Debug|x64.ActiveCfg = Debug|Any CPU
		{10DBA5BB-2710-4AD2-8021-6B9026D1BFDA}.Debug|x64.Build.0 = Debug|Any CPU
		{10DBA5BB-2710-4AD2-8021-6B9026D1BFDA}.Debug|x86.ActiveCfg = Debug|Any CPU
		{10DBA5BB-2710-4AD2-8021-6B9026D1BFDA}.Debug|x86.Build.0 = Debug|Any CPU
		{10DBA5BB-2710-4AD2-8021-6B9026D1BFDA}.Release|Any CPU.ActiveCfg = Release|Any CPU
		{10DBA5BB-2710-4AD2-8021-6B9026D1BFDA}.Release|Any CPU.Build.0 = Release|Any CPU
		{10DBA5BB-2710-4AD2-8021-6B9026D1BFDA}.Release|x64.ActiveCfg = Release|Any CPU
		{10DBA5BB-2710-4AD2-8021-6B9026D1BFDA}.Release|x64.Build.0 = Release|Any CPU
		{10DBA5BB-2710-4AD2-8021-6B9026D1BFDA}.Release|x86.ActiveCfg = Release|Any CPU
		{10DBA5BB-2710-4AD2-8021-6B9026D1BFDA}.Release|x86.Build.0 = Release|Any CPU
		{D540232C-5F5F-43D2-B649-9D1148792A89}.Debug|Any CPU.ActiveCfg = Debug|Any CPU
		{D540232C-5F5F-43D2-B649-9D1148792A89}.Debug|Any CPU.Build.0 = Debug|Any CPU
		{D540232C-5F5F-43D2-B649-9D1148792A89}.Debug|x64.ActiveCfg = Debug|Any CPU
		{D540232C-5F5F-43D2-B649-9D1148792A89}.Debug|x64.Build.0 = Debug|Any CPU
		{D540232C-5F5F-43D2-B649-9D1148792A89}.Debug|x86.ActiveCfg = Debug|Any CPU
		{D540232C-5F5F-43D2-B649-9D1148792A89}.Debug|x86.Build.0 = Debug|Any CPU
		{D540232C-5F5F-43D2-B649-9D1148792A89}.Release|Any CPU.ActiveCfg = Release|Any CPU
		{D540232C-5F5F-43D2-B649-9D1148792A89}.Release|Any CPU.Build.0 = Release|Any CPU
		{D540232C-5F5F-43D2-B649-9D1148792A89}.Release|x64.ActiveCfg = Release|Any CPU
		{D540232C-5F5F-43D2-B649-9D1148792A89}.Release|x64.Build.0 = Release|Any CPU
		{D540232C-5F5F-43D2-B649-9D1148792A89}.Release|x86.ActiveCfg = Release|Any CPU
		{D540232C-5F5F-43D2-B649-9D1148792A89}.Release|x86.Build.0 = Release|Any CPU
	EndGlobalSection
	GlobalSection(SolutionProperties) = preSolution
		HideSolutionNode = FALSE
	EndGlobalSection
EndGlobal
